// !$*UTF8*$!
{
	archiveVersion = 1;
	classes = {
	};
	objectVersion = 50;
	objects = {

/* Begin PBXBuildFile section */
		B22CD5DD21811E930065D98D /* Storyboard.storyboard in Resources */ = {isa = PBXBuildFile; fileRef = B22CD5DC21811E930065D98D /* Storyboard.storyboard */; };
		B22CD5F9218137F70065D98D /* AddItemsViewController.swift in Sources */ = {isa = PBXBuildFile; fileRef = B22CD5F8218137F70065D98D /* AddItemsViewController.swift */; };
		B22CD68B218148830065D98D /* SQLite.framework in Frameworks */ = {isa = PBXBuildFile; fileRef = B22CD67D2181472F0065D98D /* SQLite.framework */; };
		B22CD68C218148A10065D98D /* SQLite.framework in Frameworks */ = {isa = PBXBuildFile; fileRef = B22CD67D2181472F0065D98D /* SQLite.framework */; };
		B22CD68D218148A10065D98D /* SQLite.framework in Embed Frameworks */ = {isa = PBXBuildFile; fileRef = B22CD67D2181472F0065D98D /* SQLite.framework */; settings = {ATTRIBUTES = (CodeSignOnCopy, RemoveHeadersOnCopy, ); }; };
		B2EEB641217FCF1F00EE62A2 /* AppDelegate.swift in Sources */ = {isa = PBXBuildFile; fileRef = B2EEB640217FCF1F00EE62A2 /* AppDelegate.swift */; };
		B2EEB643217FCF1F00EE62A2 /* ViewController.swift in Sources */ = {isa = PBXBuildFile; fileRef = B2EEB642217FCF1F00EE62A2 /* ViewController.swift */; };
		B2EEB648217FCF2200EE62A2 /* Assets.xcassets in Resources */ = {isa = PBXBuildFile; fileRef = B2EEB647217FCF2200EE62A2 /* Assets.xcassets */; };
		B2EEB64B217FCF2200EE62A2 /* LaunchScreen.storyboard in Resources */ = {isa = PBXBuildFile; fileRef = B2EEB649217FCF2200EE62A2 /* LaunchScreen.storyboard */; };
		B2EEB656217FCF2300EE62A2 /* E_CommerceTests.swift in Sources */ = {isa = PBXBuildFile; fileRef = B2EEB655217FCF2300EE62A2 /* E_CommerceTests.swift */; };
		B2EEB661217FCF2300EE62A2 /* E_CommerceUITests.swift in Sources */ = {isa = PBXBuildFile; fileRef = B2EEB660217FCF2300EE62A2 /* E_CommerceUITests.swift */; };
/* End PBXBuildFile section */

/* Begin PBXContainerItemProxy section */
		B22CD61C21813A150065D98D /* PBXContainerItemProxy */ = {
			isa = PBXContainerItemProxy;
			containerPortal = B22CD61221813A140065D98D /* SQLite.xcodeproj */;
			proxyType = 2;
			remoteGlobalIDString = EE247AD31C3F04ED00AE3E12;
			remoteInfo = "SQLite iOS";
		};
		B22CD61E21813A150065D98D /* PBXContainerItemProxy */ = {
			isa = PBXContainerItemProxy;
			containerPortal = B22CD61221813A140065D98D /* SQLite.xcodeproj */;
			proxyType = 2;
			remoteGlobalIDString = EE247ADD1C3F04ED00AE3E12;
			remoteInfo = "SQLiteTests iOS";
		};
		B22CD62021813A150065D98D /* PBXContainerItemProxy */ = {
			isa = PBXContainerItemProxy;
			containerPortal = B22CD61221813A140065D98D /* SQLite.xcodeproj */;
			proxyType = 2;
			remoteGlobalIDString = EE247B3C1C3F3ED000AE3E12;
			remoteInfo = "SQLite Mac";
		};
		B22CD62221813A150065D98D /* PBXContainerItemProxy */ = {
			isa = PBXContainerItemProxy;
			containerPortal = B22CD61221813A140065D98D /* SQLite.xcodeproj */;
			proxyType = 2;
			remoteGlobalIDString = EE247B451C3F3ED000AE3E12;
			remoteInfo = "SQLiteTests Mac";
		};
		B22CD62421813A150065D98D /* PBXContainerItemProxy */ = {
			isa = PBXContainerItemProxy;
			containerPortal = B22CD61221813A140065D98D /* SQLite.xcodeproj */;
			proxyType = 2;
			remoteGlobalIDString = 03A65E5A1C6BB0F50062603F;
			remoteInfo = "SQLite tvOS";
		};
		B22CD62621813A150065D98D /* PBXContainerItemProxy */ = {
			isa = PBXContainerItemProxy;
			containerPortal = B22CD61221813A140065D98D /* SQLite.xcodeproj */;
			proxyType = 2;
			remoteGlobalIDString = 03A65E631C6BB0F60062603F;
			remoteInfo = "SQLiteTests tvOS";
		};
		B22CD62821813A150065D98D /* PBXContainerItemProxy */ = {
			isa = PBXContainerItemProxy;
			containerPortal = B22CD61221813A140065D98D /* SQLite.xcodeproj */;
			proxyType = 2;
			remoteGlobalIDString = A121AC451CA35C79005A31D1;
			remoteInfo = "SQLite watchOS";
		};
		B22CD67C2181472F0065D98D /* PBXContainerItemProxy */ = {
			isa = PBXContainerItemProxy;
			containerPortal = B22CD6722181472F0065D98D /* SQLite.xcodeproj */;
			proxyType = 2;
			remoteGlobalIDString = EE247AD31C3F04ED00AE3E12;
			remoteInfo = "SQLite iOS";
		};
		B22CD67E2181472F0065D98D /* PBXContainerItemProxy */ = {
			isa = PBXContainerItemProxy;
			containerPortal = B22CD6722181472F0065D98D /* SQLite.xcodeproj */;
			proxyType = 2;
			remoteGlobalIDString = EE247ADD1C3F04ED00AE3E12;
			remoteInfo = "SQLiteTests iOS";
		};
		B22CD6802181472F0065D98D /* PBXContainerItemProxy */ = {
			isa = PBXContainerItemProxy;
			containerPortal = B22CD6722181472F0065D98D /* SQLite.xcodeproj */;
			proxyType = 2;
			remoteGlobalIDString = EE247B3C1C3F3ED000AE3E12;
			remoteInfo = "SQLite Mac";
		};
		B22CD6822181472F0065D98D /* PBXContainerItemProxy */ = {
			isa = PBXContainerItemProxy;
			containerPortal = B22CD6722181472F0065D98D /* SQLite.xcodeproj */;
			proxyType = 2;
			remoteGlobalIDString = EE247B451C3F3ED000AE3E12;
			remoteInfo = "SQLiteTests Mac";
		};
		B22CD6842181472F0065D98D /* PBXContainerItemProxy */ = {
			isa = PBXContainerItemProxy;
			containerPortal = B22CD6722181472F0065D98D /* SQLite.xcodeproj */;
			proxyType = 2;
			remoteGlobalIDString = 03A65E5A1C6BB0F50062603F;
			remoteInfo = "SQLite tvOS";
		};
		B22CD6862181472F0065D98D /* PBXContainerItemProxy */ = {
			isa = PBXContainerItemProxy;
			containerPortal = B22CD6722181472F0065D98D /* SQLite.xcodeproj */;
			proxyType = 2;
			remoteGlobalIDString = 03A65E631C6BB0F60062603F;
			remoteInfo = "SQLiteTests tvOS";
		};
		B22CD6882181472F0065D98D /* PBXContainerItemProxy */ = {
			isa = PBXContainerItemProxy;
			containerPortal = B22CD6722181472F0065D98D /* SQLite.xcodeproj */;
			proxyType = 2;
			remoteGlobalIDString = A121AC451CA35C79005A31D1;
			remoteInfo = "SQLite watchOS";
		};
		B22CD68E218148A10065D98D /* PBXContainerItemProxy */ = {
			isa = PBXContainerItemProxy;
			containerPortal = B22CD6722181472F0065D98D /* SQLite.xcodeproj */;
			proxyType = 1;
			remoteGlobalIDString = EE247AD21C3F04ED00AE3E12;
			remoteInfo = "SQLite iOS";
		};
		B2EEB652217FCF2300EE62A2 /* PBXContainerItemProxy */ = {
			isa = PBXContainerItemProxy;
			containerPortal = B2EEB635217FCF1F00EE62A2 /* Project object */;
			proxyType = 1;
			remoteGlobalIDString = B2EEB63C217FCF1F00EE62A2;
			remoteInfo = "E-Commerce";
		};
		B2EEB65D217FCF2300EE62A2 /* PBXContainerItemProxy */ = {
			isa = PBXContainerItemProxy;
			containerPortal = B2EEB635217FCF1F00EE62A2 /* Project object */;
			proxyType = 1;
			remoteGlobalIDString = B2EEB63C217FCF1F00EE62A2;
			remoteInfo = "E-Commerce";
		};
/* End PBXContainerItemProxy section */

/* Begin PBXCopyFilesBuildPhase section */
		B22CD690218148A10065D98D /* Embed Frameworks */ = {
			isa = PBXCopyFilesBuildPhase;
			buildActionMask = 2147483647;
			dstPath = "";
			dstSubfolderSpec = 10;
			files = (
				B22CD68D218148A10065D98D /* SQLite.framework in Embed Frameworks */,
			);
			name = "Embed Frameworks";
			runOnlyForDeploymentPostprocessing = 0;
		};
/* End PBXCopyFilesBuildPhase section */

/* Begin PBXFileReference section */
		B22CD5DC21811E930065D98D /* Storyboard.storyboard */ = {isa = PBXFileReference; lastKnownFileType = file.storyboard; path = Storyboard.storyboard; sourceTree = "<group>"; };
		B22CD5F8218137F70065D98D /* AddItemsViewController.swift */ = {isa = PBXFileReference; lastKnownFileType = sourcecode.swift; path = AddItemsViewController.swift; sourceTree = "<group>"; };
		B22CD61221813A140065D98D /* SQLite.xcodeproj */ = {isa = PBXFileReference; lastKnownFileType = "wrapper.pb-project"; name = SQLite.xcodeproj; path = "../../Downloads/SQLite.swift-master/SQLite.xcodeproj"; sourceTree = "<group>"; };
		B22CD6722181472F0065D98D /* SQLite.xcodeproj */ = {isa = PBXFileReference; lastKnownFileType = "wrapper.pb-project"; name = SQLite.xcodeproj; path = "../../Downloads/SQLite.swift-master/SQLite.xcodeproj"; sourceTree = "<group>"; };
		B2EEB63D217FCF1F00EE62A2 /* E-Commerce.app */ = {isa = PBXFileReference; explicitFileType = wrapper.application; includeInIndex = 0; path = "E-Commerce.app"; sourceTree = BUILT_PRODUCTS_DIR; };
		B2EEB640217FCF1F00EE62A2 /* AppDelegate.swift */ = {isa = PBXFileReference; lastKnownFileType = sourcecode.swift; path = AppDelegate.swift; sourceTree = "<group>"; };
		B2EEB642217FCF1F00EE62A2 /* ViewController.swift */ = {isa = PBXFileReference; lastKnownFileType = sourcecode.swift; path = ViewController.swift; sourceTree = "<group>"; };
		B2EEB647217FCF2200EE62A2 /* Assets.xcassets */ = {isa = PBXFileReference; lastKnownFileType = folder.assetcatalog; path = Assets.xcassets; sourceTree = "<group>"; };
		B2EEB64A217FCF2200EE62A2 /* Base */ = {isa = PBXFileReference; lastKnownFileType = file.storyboard; name = Base; path = Base.lproj/LaunchScreen.storyboard; sourceTree = "<group>"; };
		B2EEB64C217FCF2200EE62A2 /* Info.plist */ = {isa = PBXFileReference; lastKnownFileType = text.plist.xml; path = Info.plist; sourceTree = "<group>"; };
		B2EEB651217FCF2300EE62A2 /* E-CommerceTests.xctest */ = {isa = PBXFileReference; explicitFileType = wrapper.cfbundle; includeInIndex = 0; path = "E-CommerceTests.xctest"; sourceTree = BUILT_PRODUCTS_DIR; };
		B2EEB655217FCF2300EE62A2 /* E_CommerceTests.swift */ = {isa = PBXFileReference; lastKnownFileType = sourcecode.swift; path = E_CommerceTests.swift; sourceTree = "<group>"; };
		B2EEB657217FCF2300EE62A2 /* Info.plist */ = {isa = PBXFileReference; lastKnownFileType = text.plist.xml; path = Info.plist; sourceTree = "<group>"; };
		B2EEB65C217FCF2300EE62A2 /* E-CommerceUITests.xctest */ = {isa = PBXFileReference; explicitFileType = wrapper.cfbundle; includeInIndex = 0; path = "E-CommerceUITests.xctest"; sourceTree = BUILT_PRODUCTS_DIR; };
		B2EEB660217FCF2300EE62A2 /* E_CommerceUITests.swift */ = {isa = PBXFileReference; lastKnownFileType = sourcecode.swift; path = E_CommerceUITests.swift; sourceTree = "<group>"; };
		B2EEB662217FCF2300EE62A2 /* Info.plist */ = {isa = PBXFileReference; lastKnownFileType = text.plist.xml; path = Info.plist; sourceTree = "<group>"; };
/* End PBXFileReference section */

/* Begin PBXFrameworksBuildPhase section */
		B2EEB63A217FCF1F00EE62A2 /* Frameworks */ = {
			isa = PBXFrameworksBuildPhase;
			buildActionMask = 2147483647;
			files = (
				B22CD68C218148A10065D98D /* SQLite.framework in Frameworks */,
				B22CD68B218148830065D98D /* SQLite.framework in Frameworks */,
			);
			runOnlyForDeploymentPostprocessing = 0;
		};
		B2EEB64E217FCF2300EE62A2 /* Frameworks */ = {
			isa = PBXFrameworksBuildPhase;
			buildActionMask = 2147483647;
			files = (
			);
			runOnlyForDeploymentPostprocessing = 0;
		};
		B2EEB659217FCF2300EE62A2 /* Frameworks */ = {
			isa = PBXFrameworksBuildPhase;
			buildActionMask = 2147483647;
			files = (
			);
			runOnlyForDeploymentPostprocessing = 0;
		};
/* End PBXFrameworksBuildPhase section */

/* Begin PBXGroup section */
		B22CD61321813A140065D98D /* Products */ = {
			isa = PBXGroup;
			children = (
				B22CD61D21813A150065D98D /* SQLite.framework */,
				B22CD61F21813A150065D98D /* SQLiteTests iOS.xctest */,
				B22CD62121813A150065D98D /* SQLite.framework */,
				B22CD62321813A150065D98D /* SQLiteTests Mac.xctest */,
				B22CD62521813A150065D98D /* SQLite.framework */,
				B22CD62721813A150065D98D /* SQLiteTests tvOS.xctest */,
				B22CD62921813A150065D98D /* SQLite.framework */,
			);
			name = Products;
			sourceTree = "<group>";
		};
		B22CD6732181472F0065D98D /* Products */ = {
			isa = PBXGroup;
			children = (
				B22CD67D2181472F0065D98D /* SQLite.framework */,
				B22CD67F2181472F0065D98D /* SQLiteTests iOS.xctest */,
				B22CD6812181472F0065D98D /* SQLite.framework */,
				B22CD6832181472F0065D98D /* SQLiteTests Mac.xctest */,
				B22CD6852181472F0065D98D /* SQLite.framework */,
				B22CD6872181472F0065D98D /* SQLiteTests tvOS.xctest */,
				B22CD6892181472F0065D98D /* SQLite.framework */,
			);
			name = Products;
			sourceTree = "<group>";
		};
		B22CD68A218148820065D98D /* Frameworks */ = {
			isa = PBXGroup;
			children = (
			);
			name = Frameworks;
			sourceTree = "<group>";
		};
		B2EEB634217FCF1F00EE62A2 = {
			isa = PBXGroup;
			children = (
				B2EEB63F217FCF1F00EE62A2 /* E-Commerce */,
				B2EEB654217FCF2300EE62A2 /* E-CommerceTests */,
				B2EEB65F217FCF2300EE62A2 /* E-CommerceUITests */,
				B2EEB63E217FCF1F00EE62A2 /* Products */,
				B22CD6722181472F0065D98D /* SQLite.xcodeproj */,
				B22CD68A218148820065D98D /* Frameworks */,
			);
			sourceTree = "<group>";
		};
		B2EEB63E217FCF1F00EE62A2 /* Products */ = {
			isa = PBXGroup;
			children = (
				B2EEB63D217FCF1F00EE62A2 /* E-Commerce.app */,
				B2EEB651217FCF2300EE62A2 /* E-CommerceTests.xctest */,
				B2EEB65C217FCF2300EE62A2 /* E-CommerceUITests.xctest */,
			);
			name = Products;
			sourceTree = "<group>";
		};
		B2EEB63F217FCF1F00EE62A2 /* E-Commerce */ = {
			isa = PBXGroup;
			children = (
				B2EEB640217FCF1F00EE62A2 /* AppDelegate.swift */,
				B2EEB642217FCF1F00EE62A2 /* ViewController.swift */,
				B22CD5DC21811E930065D98D /* Storyboard.storyboard */,
				B22CD5F8218137F70065D98D /* AddItemsViewController.swift */,
				B2EEB647217FCF2200EE62A2 /* Assets.xcassets */,
				B2EEB649217FCF2200EE62A2 /* LaunchScreen.storyboard */,
				B2EEB64C217FCF2200EE62A2 /* Info.plist */,
			);
			path = "E-Commerce";
			sourceTree = "<group>";
		};
		B2EEB654217FCF2300EE62A2 /* E-CommerceTests */ = {
			isa = PBXGroup;
			children = (
				B2EEB655217FCF2300EE62A2 /* E_CommerceTests.swift */,
				B2EEB657217FCF2300EE62A2 /* Info.plist */,
			);
			path = "E-CommerceTests";
			sourceTree = "<group>";
		};
		B2EEB65F217FCF2300EE62A2 /* E-CommerceUITests */ = {
			isa = PBXGroup;
			children = (
				B2EEB660217FCF2300EE62A2 /* E_CommerceUITests.swift */,
				B2EEB662217FCF2300EE62A2 /* Info.plist */,
			);
			path = "E-CommerceUITests";
			sourceTree = "<group>";
		};
/* End PBXGroup section */

/* Begin PBXNativeTarget section */
		B2EEB63C217FCF1F00EE62A2 /* E-Commerce */ = {
			isa = PBXNativeTarget;
			buildConfigurationList = B2EEB665217FCF2300EE62A2 /* Build configuration list for PBXNativeTarget "E-Commerce" */;
			buildPhases = (
				B2EEB639217FCF1F00EE62A2 /* Sources */,
				B2EEB63A217FCF1F00EE62A2 /* Frameworks */,
				B2EEB63B217FCF1F00EE62A2 /* Resources */,
				B22CD690218148A10065D98D /* Embed Frameworks */,
			);
			buildRules = (
			);
			dependencies = (
				B22CD68F218148A10065D98D /* PBXTargetDependency */,
			);
			name = "E-Commerce";
			productName = "E-Commerce";
			productReference = B2EEB63D217FCF1F00EE62A2 /* E-Commerce.app */;
			productType = "com.apple.product-type.application";
		};
		B2EEB650217FCF2300EE62A2 /* E-CommerceTests */ = {
			isa = PBXNativeTarget;
			buildConfigurationList = B2EEB668217FCF2300EE62A2 /* Build configuration list for PBXNativeTarget "E-CommerceTests" */;
			buildPhases = (
				B2EEB64D217FCF2300EE62A2 /* Sources */,
				B2EEB64E217FCF2300EE62A2 /* Frameworks */,
				B2EEB64F217FCF2300EE62A2 /* Resources */,
			);
			buildRules = (
			);
			dependencies = (
				B2EEB653217FCF2300EE62A2 /* PBXTargetDependency */,
			);
			name = "E-CommerceTests";
			productName = "E-CommerceTests";
			productReference = B2EEB651217FCF2300EE62A2 /* E-CommerceTests.xctest */;
			productType = "com.apple.product-type.bundle.unit-test";
		};
		B2EEB65B217FCF2300EE62A2 /* E-CommerceUITests */ = {
			isa = PBXNativeTarget;
			buildConfigurationList = B2EEB66B217FCF2300EE62A2 /* Build configuration list for PBXNativeTarget "E-CommerceUITests" */;
			buildPhases = (
				B2EEB658217FCF2300EE62A2 /* Sources */,
				B2EEB659217FCF2300EE62A2 /* Frameworks */,
				B2EEB65A217FCF2300EE62A2 /* Resources */,
			);
			buildRules = (
			);
			dependencies = (
				B2EEB65E217FCF2300EE62A2 /* PBXTargetDependency */,
			);
			name = "E-CommerceUITests";
			productName = "E-CommerceUITests";
			productReference = B2EEB65C217FCF2300EE62A2 /* E-CommerceUITests.xctest */;
			productType = "com.apple.product-type.bundle.ui-testing";
		};
/* End PBXNativeTarget section */

/* Begin PBXProject section */
		B2EEB635217FCF1F00EE62A2 /* Project object */ = {
			isa = PBXProject;
			attributes = {
				LastSwiftUpdateCheck = 1000;
				LastUpgradeCheck = 1000;
				ORGANIZATIONNAME = "Yuka Katsuki";
				TargetAttributes = {
					B2EEB63C217FCF1F00EE62A2 = {
						CreatedOnToolsVersion = 10.0;
					};
					B2EEB650217FCF2300EE62A2 = {
						CreatedOnToolsVersion = 10.0;
						TestTargetID = B2EEB63C217FCF1F00EE62A2;
					};
					B2EEB65B217FCF2300EE62A2 = {
						CreatedOnToolsVersion = 10.0;
						TestTargetID = B2EEB63C217FCF1F00EE62A2;
					};
				};
			};
			buildConfigurationList = B2EEB638217FCF1F00EE62A2 /* Build configuration list for PBXProject "E-Commerce" */;
			compatibilityVersion = "Xcode 9.3";
			developmentRegion = en;
			hasScannedForEncodings = 0;
			knownRegions = (
				en,
				Base,
			);
			mainGroup = B2EEB634217FCF1F00EE62A2;
			productRefGroup = B2EEB63E217FCF1F00EE62A2 /* Products */;
			projectDirPath = "";
			projectReferences = (
				{
					ProductGroup = B22CD6732181472F0065D98D /* Products */;
					ProjectRef = B22CD6722181472F0065D98D /* SQLite.xcodeproj */;
				},
				{
					ProductGroup = B22CD61321813A140065D98D /* Products */;
					ProjectRef = B22CD61221813A140065D98D /* SQLite.xcodeproj */;
				},
			);
			projectRoot = "";
			targets = (
				B2EEB63C217FCF1F00EE62A2 /* E-Commerce */,
				B2EEB650217FCF2300EE62A2 /* E-CommerceTests */,
				B2EEB65B217FCF2300EE62A2 /* E-CommerceUITests */,
			);
		};
/* End PBXProject section */

/* Begin PBXReferenceProxy section */
		B22CD61D21813A150065D98D /* SQLite.framework */ = {
			isa = PBXReferenceProxy;
			fileType = wrapper.framework;
			path = SQLite.framework;
			remoteRef = B22CD61C21813A150065D98D /* PBXContainerItemProxy */;
			sourceTree = BUILT_PRODUCTS_DIR;
		};
		B22CD61F21813A150065D98D /* SQLiteTests iOS.xctest */ = {
			isa = PBXReferenceProxy;
			fileType = wrapper.cfbundle;
			path = "SQLiteTests iOS.xctest";
			remoteRef = B22CD61E21813A150065D98D /* PBXContainerItemProxy */;
			sourceTree = BUILT_PRODUCTS_DIR;
		};
		B22CD62121813A150065D98D /* SQLite.framework */ = {
			isa = PBXReferenceProxy;
			fileType = wrapper.framework;
			path = SQLite.framework;
			remoteRef = B22CD62021813A150065D98D /* PBXContainerItemProxy */;
			sourceTree = BUILT_PRODUCTS_DIR;
		};
		B22CD62321813A150065D98D /* SQLiteTests Mac.xctest */ = {
			isa = PBXReferenceProxy;
			fileType = wrapper.cfbundle;
			path = "SQLiteTests Mac.xctest";
			remoteRef = B22CD62221813A150065D98D /* PBXContainerItemProxy */;
			sourceTree = BUILT_PRODUCTS_DIR;
		};
		B22CD62521813A150065D98D /* SQLite.framework */ = {
			isa = PBXReferenceProxy;
			fileType = wrapper.framework;
			path = SQLite.framework;
			remoteRef = B22CD62421813A150065D98D /* PBXContainerItemProxy */;
			sourceTree = BUILT_PRODUCTS_DIR;
		};
		B22CD62721813A150065D98D /* SQLiteTests tvOS.xctest */ = {
			isa = PBXReferenceProxy;
			fileType = wrapper.cfbundle;
			path = "SQLiteTests tvOS.xctest";
			remoteRef = B22CD62621813A150065D98D /* PBXContainerItemProxy */;
			sourceTree = BUILT_PRODUCTS_DIR;
		};
		B22CD62921813A150065D98D /* SQLite.framework */ = {
			isa = PBXReferenceProxy;
			fileType = wrapper.framework;
			path = SQLite.framework;
			remoteRef = B22CD62821813A150065D98D /* PBXContainerItemProxy */;
			sourceTree = BUILT_PRODUCTS_DIR;
		};
		B22CD67D2181472F0065D98D /* SQLite.framework */ = {
			isa = PBXReferenceProxy;
			fileType = wrapper.framework;
			path = SQLite.framework;
			remoteRef = B22CD67C2181472F0065D98D /* PBXContainerItemProxy */;
			sourceTree = BUILT_PRODUCTS_DIR;
		};
		B22CD67F2181472F0065D98D /* SQLiteTests iOS.xctest */ = {
			isa = PBXReferenceProxy;
			fileType = wrapper.cfbundle;
			path = "SQLiteTests iOS.xctest";
			remoteRef = B22CD67E2181472F0065D98D /* PBXContainerItemProxy */;
			sourceTree = BUILT_PRODUCTS_DIR;
		};
		B22CD6812181472F0065D98D /* SQLite.framework */ = {
			isa = PBXReferenceProxy;
			fileType = wrapper.framework;
			path = SQLite.framework;
			remoteRef = B22CD6802181472F0065D98D /* PBXContainerItemProxy */;
			sourceTree = BUILT_PRODUCTS_DIR;
		};
		B22CD6832181472F0065D98D /* SQLiteTests Mac.xctest */ = {
			isa = PBXReferenceProxy;
			fileType = wrapper.cfbundle;
			path = "SQLiteTests Mac.xctest";
			remoteRef = B22CD6822181472F0065D98D /* PBXContainerItemProxy */;
			sourceTree = BUILT_PRODUCTS_DIR;
		};
		B22CD6852181472F0065D98D /* SQLite.framework */ = {
			isa = PBXReferenceProxy;
			fileType = wrapper.framework;
			path = SQLite.framework;
			remoteRef = B22CD6842181472F0065D98D /* PBXContainerItemProxy */;
			sourceTree = BUILT_PRODUCTS_DIR;
		};
		B22CD6872181472F0065D98D /* SQLiteTests tvOS.xctest */ = {
			isa = PBXReferenceProxy;
			fileType = wrapper.cfbundle;
			path = "SQLiteTests tvOS.xctest";
			remoteRef = B22CD6862181472F0065D98D /* PBXContainerItemProxy */;
			sourceTree = BUILT_PRODUCTS_DIR;
		};
		B22CD6892181472F0065D98D /* SQLite.framework */ = {
			isa = PBXReferenceProxy;
			fileType = wrapper.framework;
			path = SQLite.framework;
			remoteRef = B22CD6882181472F0065D98D /* PBXContainerItemProxy */;
			sourceTree = BUILT_PRODUCTS_DIR;
		};
/* End PBXReferenceProxy section */

/* Begin PBXResourcesBuildPhase section */
		B2EEB63B217FCF1F00EE62A2 /* Resources */ = {
			isa = PBXResourcesBuildPhase;
			buildActionMask = 2147483647;
			files = (
				B2EEB64B217FCF2200EE62A2 /* LaunchScreen.storyboard in Resources */,
				B2EEB648217FCF2200EE62A2 /* Assets.xcassets in Resources */,
				B22CD5DD21811E930065D98D /* Storyboard.storyboard in Resources */,
			);
			runOnlyForDeploymentPostprocessing = 0;
		};
		B2EEB64F217FCF2300EE62A2 /* Resources */ = {
			isa = PBXResourcesBuildPhase;
			buildActionMask = 2147483647;
			files = (
			);
			runOnlyForDeploymentPostprocessing = 0;
		};
		B2EEB65A217FCF2300EE62A2 /* Resources */ = {
			isa = PBXResourcesBuildPhase;
			buildActionMask = 2147483647;
			files = (
			);
			runOnlyForDeploymentPostprocessing = 0;
		};
/* End PBXResourcesBuildPhase section */

/* Begin PBXSourcesBuildPhase section */
		B2EEB639217FCF1F00EE62A2 /* Sources */ = {
			isa = PBXSourcesBuildPhase;
			buildActionMask = 2147483647;
			files = (
				B2EEB643217FCF1F00EE62A2 /* ViewController.swift in Sources */,
				B22CD5F9218137F70065D98D /* AddItemsViewController.swift in Sources */,
				B2EEB641217FCF1F00EE62A2 /* AppDelegate.swift in Sources */,
			);
			runOnlyForDeploymentPostprocessing = 0;
		};
		B2EEB64D217FCF2300EE62A2 /* Sources */ = {
			isa = PBXSourcesBuildPhase;
			buildActionMask = 2147483647;
			files = (
				B2EEB656217FCF2300EE62A2 /* E_CommerceTests.swift in Sources */,
			);
			runOnlyForDeploymentPostprocessing = 0;
		};
		B2EEB658217FCF2300EE62A2 /* Sources */ = {
			isa = PBXSourcesBuildPhase;
			buildActionMask = 2147483647;
			files = (
				B2EEB661217FCF2300EE62A2 /* E_CommerceUITests.swift in Sources */,
			);
			runOnlyForDeploymentPostprocessing = 0;
		};
/* End PBXSourcesBuildPhase section */

/* Begin PBXTargetDependency section */
		B22CD68F218148A10065D98D /* PBXTargetDependency */ = {
			isa = PBXTargetDependency;
			name = "SQLite iOS";
			targetProxy = B22CD68E218148A10065D98D /* PBXContainerItemProxy */;
		};
		B2EEB653217FCF2300EE62A2 /* PBXTargetDependency */ = {
			isa = PBXTargetDependency;
			target = B2EEB63C217FCF1F00EE62A2 /* E-Commerce */;
			targetProxy = B2EEB652217FCF2300EE62A2 /* PBXContainerItemProxy */;
		};
		B2EEB65E217FCF2300EE62A2 /* PBXTargetDependency */ = {
			isa = PBXTargetDependency;
			target = B2EEB63C217FCF1F00EE62A2 /* E-Commerce */;
			targetProxy = B2EEB65D217FCF2300EE62A2 /* PBXContainerItemProxy */;
		};
/* End PBXTargetDependency section */

/* Begin PBXVariantGroup section */
		B2EEB649217FCF2200EE62A2 /* LaunchScreen.storyboard */ = {
			isa = PBXVariantGroup;
			children = (
				B2EEB64A217FCF2200EE62A2 /* Base */,
			);
			name = LaunchScreen.storyboard;
			sourceTree = "<group>";
		};
/* End PBXVariantGroup section */

/* Begin XCBuildConfiguration section */
		B2EEB663217FCF2300EE62A2 /* Debug */ = {
			isa = XCBuildConfiguration;
			buildSettings = {
				ALWAYS_SEARCH_USER_PATHS = NO;
				CLANG_ANALYZER_NONNULL = YES;
				CLANG_ANALYZER_NUMBER_OBJECT_CONVERSION = YES_AGGRESSIVE;
				CLANG_CXX_LANGUAGE_STANDARD = "gnu++14";
				CLANG_CXX_LIBRARY = "libc++";
				CLANG_ENABLE_MODULES = YES;
				CLANG_ENABLE_OBJC_ARC = YES;
				CLANG_ENABLE_OBJC_WEAK = YES;
				CLANG_WARN_BLOCK_CAPTURE_AUTORELEASING = YES;
				CLANG_WARN_BOOL_CONVERSION = YES;
				CLANG_WARN_COMMA = YES;
				CLANG_WARN_CONSTANT_CONVERSION = YES;
				CLANG_WARN_DEPRECATED_OBJC_IMPLEMENTATIONS = YES;
				CLANG_WARN_DIRECT_OBJC_ISA_USAGE = YES_ERROR;
				CLANG_WARN_DOCUMENTATION_COMMENTS = YES;
				CLANG_WARN_EMPTY_BODY = YES;
				CLANG_WARN_ENUM_CONVERSION = YES;
				CLANG_WARN_INFINITE_RECURSION = YES;
				CLANG_WARN_INT_CONVERSION = YES;
				CLANG_WARN_NON_LITERAL_NULL_CONVERSION = YES;
				CLANG_WARN_OBJC_IMPLICIT_RETAIN_SELF = YES;
				CLANG_WARN_OBJC_LITERAL_CONVERSION = YES;
				CLANG_WARN_OBJC_ROOT_CLASS = YES_ERROR;
				CLANG_WARN_RANGE_LOOP_ANALYSIS = YES;
				CLANG_WARN_STRICT_PROTOTYPES = YES;
				CLANG_WARN_SUSPICIOUS_MOVE = YES;
				CLANG_WARN_UNGUARDED_AVAILABILITY = YES_AGGRESSIVE;
				CLANG_WARN_UNREACHABLE_CODE = YES;
				CLANG_WARN__DUPLICATE_METHOD_MATCH = YES;
				CODE_SIGN_IDENTITY = "iPhone Developer";
				COPY_PHASE_STRIP = NO;
				DEBUG_INFORMATION_FORMAT = dwarf;
				ENABLE_STRICT_OBJC_MSGSEND = YES;
				ENABLE_TESTABILITY = YES;
				GCC_C_LANGUAGE_STANDARD = gnu11;
				GCC_DYNAMIC_NO_PIC = NO;
				GCC_NO_COMMON_BLOCKS = YES;
				GCC_OPTIMIZATION_LEVEL = 0;
				GCC_PREPROCESSOR_DEFINITIONS = (
					"DEBUG=1",
					"$(inherited)",
				);
				GCC_WARN_64_TO_32_BIT_CONVERSION = YES;
				GCC_WARN_ABOUT_RETURN_TYPE = YES_ERROR;
				GCC_WARN_UNDECLARED_SELECTOR = YES;
				GCC_WARN_UNINITIALIZED_AUTOS = YES_AGGRESSIVE;
				GCC_WARN_UNUSED_FUNCTION = YES;
				GCC_WARN_UNUSED_VARIABLE = YES;
				IPHONEOS_DEPLOYMENT_TARGET = 12.0;
				MTL_ENABLE_DEBUG_INFO = INCLUDE_SOURCE;
				MTL_FAST_MATH = YES;
				ONLY_ACTIVE_ARCH = YES;
				SDKROOT = iphoneos;
				SWIFT_ACTIVE_COMPILATION_CONDITIONS = DEBUG;
				SWIFT_OPTIMIZATION_LEVEL = "-Onone";
			};
			name = Debug;
		};
		B2EEB664217FCF2300EE62A2 /* Release */ = {
			isa = XCBuildConfiguration;
			buildSettings = {
				ALWAYS_SEARCH_USER_PATHS = NO;
				CLANG_ANALYZER_NONNULL = YES;
				CLANG_ANALYZER_NUMBER_OBJECT_CONVERSION = YES_AGGRESSIVE;
				CLANG_CXX_LANGUAGE_STANDARD = "gnu++14";
				CLANG_CXX_LIBRARY = "libc++";
				CLANG_ENABLE_MODULES = YES;
				CLANG_ENABLE_OBJC_ARC = YES;
				CLANG_ENABLE_OBJC_WEAK = YES;
				CLANG_WARN_BLOCK_CAPTURE_AUTORELEASING = YES;
				CLANG_WARN_BOOL_CONVERSION = YES;
				CLANG_WARN_COMMA = YES;
				CLANG_WARN_CONSTANT_CONVERSION = YES;
				CLANG_WARN_DEPRECATED_OBJC_IMPLEMENTATIONS = YES;
				CLANG_WARN_DIRECT_OBJC_ISA_USAGE = YES_ERROR;
				CLANG_WARN_DOCUMENTATION_COMMENTS = YES;
				CLANG_WARN_EMPTY_BODY = YES;
				CLANG_WARN_ENUM_CONVERSION = YES;
				CLANG_WARN_INFINITE_RECURSION = YES;
				CLANG_WARN_INT_CONVERSION = YES;
				CLANG_WARN_NON_LITERAL_NULL_CONVERSION = YES;
				CLANG_WARN_OBJC_IMPLICIT_RETAIN_SELF = YES;
				CLANG_WARN_OBJC_LITERAL_CONVERSION = YES;
				CLANG_WARN_OBJC_ROOT_CLASS = YES_ERROR;
				CLANG_WARN_RANGE_LOOP_ANALYSIS = YES;
				CLANG_WARN_STRICT_PROTOTYPES = YES;
				CLANG_WARN_SUSPICIOUS_MOVE = YES;
				CLANG_WARN_UNGUARDED_AVAILABILITY = YES_AGGRESSIVE;
				CLANG_WARN_UNREACHABLE_CODE = YES;
				CLANG_WARN__DUPLICATE_METHOD_MATCH = YES;
				CODE_SIGN_IDENTITY = "iPhone Developer";
				COPY_PHASE_STRIP = NO;
				DEBUG_INFORMATION_FORMAT = "dwarf-with-dsym";
				ENABLE_NS_ASSERTIONS = NO;
				ENABLE_STRICT_OBJC_MSGSEND = YES;
				GCC_C_LANGUAGE_STANDARD = gnu11;
				GCC_NO_COMMON_BLOCKS = YES;
				GCC_WARN_64_TO_32_BIT_CONVERSION = YES;
				GCC_WARN_ABOUT_RETURN_TYPE = YES_ERROR;
				GCC_WARN_UNDECLARED_SELECTOR = YES;
				GCC_WARN_UNINITIALIZED_AUTOS = YES_AGGRESSIVE;
				GCC_WARN_UNUSED_FUNCTION = YES;
				GCC_WARN_UNUSED_VARIABLE = YES;
				IPHONEOS_DEPLOYMENT_TARGET = 12.0;
				MTL_ENABLE_DEBUG_INFO = NO;
				MTL_FAST_MATH = YES;
				SDKROOT = iphoneos;
				SWIFT_COMPILATION_MODE = wholemodule;
				SWIFT_OPTIMIZATION_LEVEL = "-O";
				VALIDATE_PRODUCT = YES;
			};
			name = Release;
		};
		B2EEB666217FCF2300EE62A2 /* Debug */ = {
			isa = XCBuildConfiguration;
			buildSettings = {
				ALWAYS_EMBED_SWIFT_STANDARD_LIBRARIES = YES;
				ASSETCATALOG_COMPILER_APPICON_NAME = AppIcon;
				CODE_SIGN_STYLE = Automatic;
				INFOPLIST_FILE = "E-Commerce/Info.plist";
				LD_RUNPATH_SEARCH_PATHS = (
					"$(inherited)",
					"@executable_path/Frameworks",
				);
				PRODUCT_BUNDLE_IDENTIFIER = "com.example.E-Commerce";
				PRODUCT_NAME = "$(TARGET_NAME)";
				SWIFT_VERSION = 4.2;
				TARGETED_DEVICE_FAMILY = "1,2";
			};
			name = Debug;
		};
		B2EEB667217FCF2300EE62A2 /* Release */ = {
			isa = XCBuildConfiguration;
			buildSettings = {
				ALWAYS_EMBED_SWIFT_STANDARD_LIBRARIES = YES;
				ASSETCATALOG_COMPILER_APPICON_NAME = AppIcon;
				CODE_SIGN_STYLE = Automatic;
				INFOPLIST_FILE = "E-Commerce/Info.plist";
				LD_RUNPATH_SEARCH_PATHS = (
					"$(inherited)",
					"@executable_path/Frameworks",
				);
				PRODUCT_BUNDLE_IDENTIFIER = "com.example.E-Commerce";
				PRODUCT_NAME = "$(TARGET_NAME)";
				SWIFT_VERSION = 4.2;
				TARGETED_DEVICE_FAMILY = "1,2";
			};
			name = Release;
		};
		B2EEB669217FCF2300EE62A2 /* Debug */ = {
			isa = XCBuildConfiguration;
			buildSettings = {
				ALWAYS_EMBED_SWIFT_STANDARD_LIBRARIES = YES;
				BUNDLE_LOADER = "$(TEST_HOST)";
				CODE_SIGN_STYLE = Automatic;
				INFOPLIST_FILE = "E-CommerceTests/Info.plist";
				LD_RUNPATH_SEARCH_PATHS = (
					"$(inherited)",
					"@executable_path/Frameworks",
					"@loader_path/Frameworks",
				);
				PRODUCT_BUNDLE_IDENTIFIER = "com.example.E-CommerceTests";
				PRODUCT_NAME = "$(TARGET_NAME)";
				SWIFT_VERSION = 4.2;
				TARGETED_DEVICE_FAMILY = "1,2";
				TEST_HOST = "$(BUILT_PRODUCTS_DIR)/E-Commerce.app/E-Commerce";
			};
			name = Debug;
		};
		B2EEB66A217FCF2300EE62A2 /* Release */ = {
			isa = XCBuildConfiguration;
			buildSettings = {
				ALWAYS_EMBED_SWIFT_STANDARD_LIBRARIES = YES;
				BUNDLE_LOADER = "$(TEST_HOST)";
				CODE_SIGN_STYLE = Automatic;
				INFOPLIST_FILE = "E-CommerceTests/Info.plist";
				LD_RUNPATH_SEARCH_PATHS = (
					"$(inherited)",
					"@executable_path/Frameworks",
					"@loader_path/Frameworks",
				);
				PRODUCT_BUNDLE_IDENTIFIER = "com.example.E-CommerceTests";
				PRODUCT_NAME = "$(TARGET_NAME)";
				SWIFT_VERSION = 4.2;
				TARGETED_DEVICE_FAMILY = "1,2";
				TEST_HOST = "$(BUILT_PRODUCTS_DIR)/E-Commerce.app/E-Commerce";
			};
			name = Release;
		};
		B2EEB66C217FCF2300EE62A2 /* Debug */ = {
			isa = XCBuildConfiguration;
			buildSettings = {
				ALWAYS_EMBED_SWIFT_STANDARD_LIBRARIES = YES;
				CODE_SIGN_STYLE = Automatic;
				INFOPLIST_FILE = "E-CommerceUITests/Info.plist";
				LD_RUNPATH_SEARCH_PATHS = (
					"$(inherited)",
					"@executable_path/Frameworks",
					"@loader_path/Frameworks",
				);
				PRODUCT_BUNDLE_IDENTIFIER = "com.example.E-CommerceUITests";
				PRODUCT_NAME = "$(TARGET_NAME)";
				SWIFT_VERSION = 4.2;
				TARGETED_DEVICE_FAMILY = "1,2";
				TEST_TARGET_NAME = "E-Commerce";
			};
			name = Debug;
		};
		B2EEB66D217FCF2300EE62A2 /* Release */ = {
			isa = XCBuildConfiguration;
			buildSettings = {
				ALWAYS_EMBED_SWIFT_STANDARD_LIBRARIES = YES;
				CODE_SIGN_STYLE = Automatic;
				INFOPLIST_FILE = "E-CommerceUITests/Info.plist";
				LD_RUNPATH_SEARCH_PATHS = (
					"$(inherited)",
					"@executable_path/Frameworks",
					"@loader_path/Frameworks",
				);
				PRODUCT_BUNDLE_IDENTIFIER = "com.example.E-CommerceUITests";
				PRODUCT_NAME = "$(TARGET_NAME)";
				SWIFT_VERSION = 4.2;
				TARGETED_DEVICE_FAMILY = "1,2";
				TEST_TARGET_NAME = "E-Commerce";
			};
			name = Release;
		};
/* End XCBuildConfiguration section */

/* Begin XCConfigurationList section */
		B2EEB638217FCF1F00EE62A2 /* Build configuration list for PBXProject "E-Commerce" */ = {
			isa = XCConfigurationList;
			buildConfigurations = (
				B2EEB663217FCF2300EE62A2 /* Debug */,
				B2EEB664217FCF2300EE62A2 /* Release */,
			);
			defaultConfigurationIsVisible = 0;
			defaultConfigurationName = Release;
		};
		B2EEB665217FCF2300EE62A2 /* Build configuration list for PBXNativeTarget "E-Commerce" */ = {
			isa = XCConfigurationList;
			buildConfigurations = (
				B2EEB666217FCF2300EE62A2 /* Debug */,
				B2EEB667217FCF2300EE62A2 /* Release */,
			);
			defaultConfigurationIsVisible = 0;
			defaultConfigurationName = Release;
		};
		B2EEB668217FCF2300EE62A2 /* Build configuration list for PBXNativeTarget "E-CommerceTests" */ = {
			isa = XCConfigurationList;
			buildConfigurations = (
				B2EEB669217FCF2300EE62A2 /* Debug */,
				B2EEB66A217FCF2300EE62A2 /* Release */,
			);
			defaultConfigurationIsVisible = 0;
			defaultConfigurationName = Release;
		};
		B2EEB66B217FCF2300EE62A2 /* Build configuration list for PBXNativeTarget "E-CommerceUITests" */ = {
			isa = XCConfigurationList;
			buildConfigurations = (
				B2EEB66C217FCF2300EE62A2 /* Debug */,
				B2EEB66D217FCF2300EE62A2 /* Release */,
			);
			defaultConfigurationIsVisible = 0;
			defaultConfigurationName = Release;
		};
/* End XCConfigurationList section */
	};
	rootObject = B2EEB635217FCF1F00EE62A2 /* Project object */;
}
